// !$*UTF8*$!
{
	archiveVersion = 1;
	classes = {
	};
	objectVersion = 48;
	objects = {

/* Begin PBXBuildFile section */
		A238473E208128F8001782D4 /* TotalsPage.swift in Sources */ = {isa = PBXBuildFile; fileRef = A238473D208128F8001782D4 /* TotalsPage.swift */; };
		A2BB0A572045F3CF003C3220 /* AppDelegate.swift in Sources */ = {isa = PBXBuildFile; fileRef = A2BB0A562045F3CF003C3220 /* AppDelegate.swift */; };
		A2BB0A592045F3CF003C3220 /* InputPage.swift in Sources */ = {isa = PBXBuildFile; fileRef = A2BB0A582045F3CF003C3220 /* InputPage.swift */; };
		A2BB0A5C2045F3CF003C3220 /* Main.storyboard in Resources */ = {isa = PBXBuildFile; fileRef = A2BB0A5A2045F3CF003C3220 /* Main.storyboard */; };
		A2BB0A5E2045F3CF003C3220 /* Assets.xcassets in Resources */ = {isa = PBXBuildFile; fileRef = A2BB0A5D2045F3CF003C3220 /* Assets.xcassets */; };
		A2BB0A612045F3CF003C3220 /* LaunchScreen.storyboard in Resources */ = {isa = PBXBuildFile; fileRef = A2BB0A5F2045F3CF003C3220 /* LaunchScreen.storyboard */; };
/* End PBXBuildFile section */

/* Begin PBXFileReference section */
		A238473D208128F8001782D4 /* TotalsPage.swift */ = {isa = PBXFileReference; lastKnownFileType = sourcecode.swift; path = TotalsPage.swift; sourceTree = "<group>"; };
		A2BB0A532045F3CF003C3220 /* BudgetTracking.app */ = {isa = PBXFileReference; explicitFileType = wrapper.application; includeInIndex = 0; path = BudgetTracking.app; sourceTree = BUILT_PRODUCTS_DIR; };
		A2BB0A562045F3CF003C3220 /* AppDelegate.swift */ = {isa = PBXFileReference; lastKnownFileType = sourcecode.swift; path = AppDelegate.swift; sourceTree = "<group>"; };
		A2BB0A582045F3CF003C3220 /* InputPage.swift */ = {isa = PBXFileReference; lastKnownFileType = sourcecode.swift; path = InputPage.swift; sourceTree = "<group>"; };
		A2BB0A5B2045F3CF003C3220 /* Base */ = {isa = PBXFileReference; lastKnownFileType = file.storyboard; name = Base; path = Base.lproj/Main.storyboard; sourceTree = "<group>"; };
		A2BB0A5D2045F3CF003C3220 /* Assets.xcassets */ = {isa = PBXFileReference; lastKnownFileType = folder.assetcatalog; path = Assets.xcassets; sourceTree = "<group>"; };
		A2BB0A602045F3CF003C3220 /* Base */ = {isa = PBXFileReference; lastKnownFileType = file.storyboard; name = Base; path = Base.lproj/LaunchScreen.storyboard; sourceTree = "<group>"; };
		A2BB0A622045F3CF003C3220 /* Info.plist */ = {isa = PBXFileReference; lastKnownFileType = text.plist.xml; path = Info.plist; sourceTree = "<group>"; };
/* End PBXFileReference section */

/* Begin PBXFrameworksBuildPhase section */
		A2BB0A502045F3CF003C3220 /* Frameworks */ = {
			isa = PBXFrameworksBuildPhase;
			buildActionMask = 2147483647;
			files = (
			);
			runOnlyForDeploymentPostprocessing = 0;
		};
/* End PBXFrameworksBuildPhase section */

/* Begin PBXGroup section */
		A2BB0A4A2045F3CF003C3220 = {
			isa = PBXGroup;
			children = (
				A2BB0A552045F3CF003C3220 /* BudgetTracking */,
				A2BB0A542045F3CF003C3220 /* Products */,
			);
			sourceTree = "<group>";
		};
		A2BB0A542045F3CF003C3220 /* Products */ = {
			isa = PBXGroup;
			children = (
				A2BB0A532045F3CF003C3220 /* BudgetTracking.app */,
			);
			name = Products;
			sourceTree = "<group>";
		};
		A2BB0A552045F3CF003C3220 /* BudgetTracking */ = {
			isa = PBXGroup;
			children = (
				A2BB0A562045F3CF003C3220 /* AppDelegate.swift */,
				A2BB0A582045F3CF003C3220 /* InputPage.swift */,
				A2BB0A5A2045F3CF003C3220 /* Main.storyboard */,
				A2BB0A5D2045F3CF003C3220 /* Assets.xcassets */,
				A2BB0A5F2045F3CF003C3220 /* LaunchScreen.storyboard */,
				A2BB0A622045F3CF003C3220 /* Info.plist */,
				A238473D208128F8001782D4 /* TotalsPage.swift */,
			);
			path = BudgetTracking;
			sourceTree = "<group>";
		};
/* End PBXGroup section */

/* Begin PBXNativeTarget section */
		A2BB0A522045F3CF003C3220 /* BudgetTracking */ = {
			isa = PBXNativeTarget;
			buildConfigurationList = A2BB0A652045F3CF003C3220 /* Build configuration list for PBXNativeTarget "BudgetTracking" */;
			buildPhases = (
				A2BB0A4F2045F3CF003C3220 /* Sources */,
				A2BB0A502045F3CF003C3220 /* Frameworks */,
				A2BB0A512045F3CF003C3220 /* Resources */,
			);
			buildRules = (
			);
			dependencies = (
			);
			name = BudgetTracking;
			productName = BudgetTracking;
			productReference = A2BB0A532045F3CF003C3220 /* BudgetTracking.app */;
			productType = "com.apple.product-type.application";
		};
/* End PBXNativeTarget section */

/* Begin PBXProject section */
		A2BB0A4B2045F3CF003C3220 /* Project object */ = {
			isa = PBXProject;
			attributes = {
				LastSwiftUpdateCheck = 0900;
				LastUpgradeCheck = 0900;
				ORGANIZATIONNAME = "Berrett, Calvin";
				TargetAttributes = {
					A2BB0A522045F3CF003C3220 = {
						CreatedOnToolsVersion = 9.0;
						ProvisioningStyle = Automatic;
					};
				};
			};
			buildConfigurationList = A2BB0A4E2045F3CF003C3220 /* Build configuration list for PBXProject "BudgetTracking" */;
			compatibilityVersion = "Xcode 8.0";
			developmentRegion = en;
			hasScannedForEncodings = 0;
			knownRegions = (
				en,
				Base,
			);
			mainGroup = A2BB0A4A2045F3CF003C3220;
			productRefGroup = A2BB0A542045F3CF003C3220 /* Products */;
			projectDirPath = "";
			projectRoot = "";
			targets = (
				A2BB0A522045F3CF003C3220 /* BudgetTracking */,
			);
		};
/* End PBXProject section */

/* Begin PBXResourcesBuildPhase section */
		A2BB0A512045F3CF003C3220 /* Resources */ = {
			isa = PBXResourcesBuildPhase;
			buildActionMask = 2147483647;
			files = (
				A2BB0A612045F3CF003C3220 /* LaunchScreen.storyboard in Resources */,
				A2BB0A5E2045F3CF003C3220 /* Assets.xcassets in Resources */,
				A2BB0A5C2045F3CF003C3220 /* Main.storyboard in Resources */,
			);
			runOnlyForDeploymentPostprocessing = 0;
		};
/* End PBXResourcesBuildPhase section */

/* Begin PBXSourcesBuildPhase section */
		A2BB0A4F2045F3CF003C3220 /* Sources */ = {
			isa = PBXSourcesBuildPhase;
			buildActionMask = 2147483647;
			files = (
				A2BB0A592045F3CF003C3220 /* InputPage.swift in Sources */,
				A2BB0A572045F3CF003C3220 /* AppDelegate.swift in Sources */,
				A238473E208128F8001782D4 /* TotalsPage.swift in Sources */,
			);
			runOnlyForDeploymentPostprocessing = 0;
		};
/* End PBXSourcesBuildPhase section */

/* Begin PBXVariantGroup section */
		A2BB0A5A2045F3CF003C3220 /* Main.storyboard */ = {
			isa = PBXVariantGroup;
			children = (
				A2BB0A5B2045F3CF003C3220 /* Base */,
			);
			name = Main.storyboard;
			sourceTree = "<group>";
		};
		A2BB0A5F2045F3CF003C3220 /* LaunchScreen.storyboard */ = {
			isa = PBXVariantGroup;
			children = (
				A2BB0A602045F3CF003C3220 /* Base */,
			);
			name = LaunchScreen.storyboard;
			sourceTree = "<group>";
		};
/* End PBXVariantGroup section */

/* Begin XCBuildConfiguration section */
		A2BB0A632045F3CF003C3220 /* Debug */ = {
			isa = XCBuildConfiguration;
			buildSettings = {
				ALWAYS_SEARCH_USER_PATHS = NO;
				CLANG_ANALYZER_NONNULL = YES;
				CLANG_ANALYZER_NUMBER_OBJECT_CONVERSION = YES_AGGRESSIVE;
				CLANG_CXX_LANGUAGE_STANDARD = "gnu++14";
				CLANG_CXX_LIBRARY = "libc++";
				CLANG_ENABLE_MODULES = YES;
				CLANG_ENABLE_OBJC_ARC = YES;
				CLANG_WARN_BLOCK_CAPTURE_AUTORELEASING = YES;
				CLANG_WARN_BOOL_CONVERSION = YES;
				CLANG_WARN_COMMA = YES;
				CLANG_WARN_CONSTANT_CONVERSION = YES;
				CLANG_WARN_DIRECT_OBJC_ISA_USAGE = YES_ERROR;
				CLANG_WARN_DOCUMENTATION_COMMENTS = YES;
				CLANG_WARN_EMPTY_BODY = YES;
				CLANG_WARN_ENUM_CONVERSION = YES;
				CLANG_WARN_INFINITE_RECURSION = YES;
				CLANG_WARN_INT_CONVERSION = YES;
				CLANG_WARN_NON_LITERAL_NULL_CONVERSION = YES;
				CLANG_WARN_OBJC_LITERAL_CONVERSION = YES;
				CLANG_WARN_OBJC_ROOT_CLASS = YES_ERROR;
				CLANG_WARN_RANGE_LOOP_ANALYSIS = YES;
				CLANG_WARN_STRICT_PROTOTYPES = YES;
				CLANG_WARN_SUSPICIOUS_MOVE = YES;
				CLANG_WARN_UNGUARDED_AVAILABILITY = YES_AGGRESSIVE;
				CLANG_WARN_UNREACHABLE_CODE = YES;
				CLANG_WARN__DUPLICATE_METHOD_MATCH = YES;
				CODE_SIGN_IDENTITY = "iPhone Developer";
				COPY_PHASE_STRIP = NO;
				DEBUG_INFORMATION_FORMAT = dwarf;
				ENABLE_STRICT_OBJC_MSGSEND = YES;
				ENABLE_TESTABILITY = YES;
				GCC_C_LANGUAGE_STANDARD = gnu11;
				GCC_DYNAMIC_NO_PIC = NO;
				GCC_NO_COMMON_BLOCKS = YES;
				GCC_OPTIMIZATION_LEVEL = 0;
				GCC_PREPROCESSOR_DEFINITIONS = (
					"DEBUG=1",
					"$(inherited)",
				);
				GCC_WARN_64_TO_32_BIT_CONVERSION = YES;
				GCC_WARN_ABOUT_RETURN_TYPE = YES_ERROR;
				GCC_WARN_UNDECLARED_SELECTOR = YES;
				GCC_WARN_UNINITIALIZED_AUTOS = YES_AGGRESSIVE;
				GCC_WARN_UNUSED_FUNCTION = YES;
				GCC_WARN_UNUSED_VARIABLE = YES;
				IPHONEOS_DEPLOYMENT_TARGET = 11.0;
				MTL_ENABLE_DEBUG_INFO = YES;
				ONLY_ACTIVE_ARCH = YES;
				SDKROOT = iphoneos;
				SWIFT_ACTIVE_COMPILATION_CONDITIONS = DEBUG;
				SWIFT_OPTIMIZATION_LEVEL = "-Onone";
			};
			name = Debug;
		};
		A2BB0A642045F3CF003C3220 /* Release */ = {
			isa = XCBuildConfiguration;
			buildSettings = {
				ALWAYS_SEARCH_USER_PATHS = NO;
				CLANG_ANALYZER_NONNULL = YES;
				CLANG_ANALYZER_NUMBER_OBJECT_CONVERSION = YES_AGGRESSIVE;
				CLANG_CXX_LANGUAGE_STANDARD = "gnu++14";
				CLANG_CXX_LIBRARY = "libc++";
				CLANG_ENABLE_MODULES = YES;
				CLANG_ENABLE_OBJC_ARC = YES;
				CLANG_WARN_BLOCK_CAPTURE_AUTORELEASING = YES;
				CLANG_WARN_BOOL_CONVERSION = YES;
				CLANG_WARN_COMMA = YES;
				CLANG_WARN_CONSTANT_CONVERSION = YES;
				CLANG_WARN_DIRECT_OBJC_ISA_USAGE = YES_ERROR;
				CLANG_WARN_DOCUMENTATION_COMMENTS = YES;
				CLANG_WARN_EMPTY_BODY = YES;
				CLANG_WARN_ENUM_CONVERSION = YES;
				CLANG_WARN_INFINITE_RECURSION = YES;
				CLANG_WARN_INT_CONVERSION = YES;
				CLANG_WARN_NON_LITERAL_NULL_CONVERSION = YES;
				CLANG_WARN_OBJC_LITERAL_CONVERSION = YES;
				CLANG_WARN_OBJC_ROOT_CLASS = YES_ERROR;
				CLANG_WARN_RANGE_LOOP_ANALYSIS = YES;
				CLANG_WARN_STRICT_PROTOTYPES = YES;
				CLANG_WARN_SUSPICIOUS_MOVE = YES;
				CLANG_WARN_UNGUARDED_AVAILABILITY = YES_AGGRESSIVE;
				CLANG_WARN_UNREACHABLE_CODE = YES;
				CLANG_WARN__DUPLICATE_METHOD_MATCH = YES;
				CODE_SIGN_IDENTITY = "iPhone Developer";
				COPY_PHASE_STRIP = NO;
				DEBUG_INFORMATION_FORMAT = "dwarf-with-dsym";
				ENABLE_NS_ASSERTIONS = NO;
				ENABLE_STRICT_OBJC_MSGSEND = YES;
				GCC_C_LANGUAGE_STANDARD = gnu11;
				GCC_NO_COMMON_BLOCKS = YES;
				GCC_WARN_64_TO_32_BIT_CONVERSION = YES;
				GCC_WARN_ABOUT_RETURN_TYPE = YES_ERROR;
				GCC_WARN_UNDECLARED_SELECTOR = YES;
				GCC_WARN_UNINITIALIZED_AUTOS = YES_AGGRESSIVE;
				GCC_WARN_UNUSED_FUNCTION = YES;
				GCC_WARN_UNUSED_VARIABLE = YES;
				IPHONEOS_DEPLOYMENT_TARGET = 11.0;
				MTL_ENABLE_DEBUG_INFO = NO;
				SDKROOT = iphoneos;
				SWIFT_OPTIMIZATION_LEVEL = "-Owholemodule";
				VALIDATE_PRODUCT = YES;
			};
			name = Release;
		};
		A2BB0A662045F3CF003C3220 /* Debug */ = {
			isa = XCBuildConfiguration;
			buildSettings = {
				ASSETCATALOG_COMPILER_APPICON_NAME = AppIcon;
				CODE_SIGN_STYLE = Automatic;
				INFOPLIST_FILE = BudgetTracking/Info.plist;
				LD_RUNPATH_SEARCH_PATHS = "$(inherited) @executable_path/Frameworks";
				PRODUCT_BUNDLE_IDENTIFIER = "Berrett--Calvin.BudgetTracking";
				PRODUCT_NAME = "$(TARGET_NAME)";
				SWIFT_VERSION = 4.0;
				TARGETED_DEVICE_FAMILY = "1,2";
			};
			name = Debug;
		};
		A2BB0A672045F3CF003C3220 /* Release */ = {
			isa = XCBuildConfiguration;
			buildSettings = {
				ASSETCATALOG_COMPILER_APPICON_NAME = AppIcon;
				CODE_SIGN_STYLE = Automatic;
				INFOPLIST_FILE = BudgetTracking/Info.plist;
				LD_RUNPATH_SEARCH_PATHS = "$(inherited) @executable_path/Frameworks";
				PRODUCT_BUNDLE_IDENTIFIER = "Berrett--Calvin.BudgetTracking";
				PRODUCT_NAME = "$(TARGET_NAME)";
				SWIFT_VERSION = 4.0;
				TARGETED_DEVICE_FAMILY = "1,2";
			};
			name = Release;
		};
/* End XCBuildConfiguration section */

/* Begin XCConfigurationList section */
		A2BB0A4E2045F3CF003C3220 /* Build configuration list for PBXProject "BudgetTracking" */ = {
			isa = XCConfigurationList;
			buildConfigurations = (
				A2BB0A632045F3CF003C3220 /* Debug */,
				A2BB0A642045F3CF003C3220 /* Release */,
			);
			defaultConfigurationIsVisible = 0;
			defaultConfigurationName = Release;
		};
		A2BB0A652045F3CF003C3220 /* Build configuration list for PBXNativeTarget "BudgetTracking" */ = {
			isa = XCConfigurationList;
			buildConfigurations = (
				A2BB0A662045F3CF003C3220 /* Debug */,
				A2BB0A672045F3CF003C3220 /* Release */,
			);
			defaultConfigurationIsVisible = 0;
			defaultConfigurationName = Release;
		};
/* End XCConfigurationList section */
	};
	rootObject = A2BB0A4B2045F3CF003C3220 /* Project object */;
}
